
Microsoft Visual Studio Solution File, Format Version 12.00
# Visual Studio Version 16
VisualStudioVersion = 16.0.32126.315
MinimumVisualStudioVersion = 10.0.40219.1
Project("{9A19103F-16F7-4668-BE54-9A1E7A4F7556}") = "ERP", "ERP\ERP.csproj", "{240C8AB9-AE09-45A8-BE5C-27FB3FC74228}"
EndProject
Project("{9A19103F-16F7-4668-BE54-9A1E7A4F7556}") = "ERP_API", "..\ERP_API\ERP_API\ERP_API.csproj", "{3B54B8F4-EBA4-4E05-9161-C420393FDDD8}"
EndProject
Global
	GlobalSection(SolutionConfigurationPlatforms) = preSolution
		Debug|Any CPU = Debug|Any CPU
		Release|Any CPU = Release|Any CPU
	EndGlobalSection
	GlobalSection(ProjectConfigurationPlatforms) = postSolution
		{240C8AB9-AE09-45A8-BE5C-27FB3FC74228}.Debug|Any CPU.ActiveCfg = Debug|Any CPU
		{240C8AB9-AE09-45A8-BE5C-27FB3FC74228}.Debug|Any CPU.Build.0 = Debug|Any CPU
		{240C8AB9-AE09-45A8-BE5C-27FB3FC74228}.Release|Any CPU.ActiveCfg = Release|Any CPU
		{240C8AB9-AE09-45A8-BE5C-27FB3FC74228}.Release|Any CPU.Build.0 = Release|Any CPU
		{3B54B8F4-EBA4-4E05-9161-C420393FDDD8}.Debug|Any CPU.ActiveCfg = Debug|Any CPU
		{3B54B8F4-EBA4-4E05-9161-C420393FDDD8}.Debug|Any CPU.Build.0 = Debug|Any CPU
		{3B54B8F4-EBA4-4E05-9161-C420393FDDD8}.Release|Any CPU.ActiveCfg = Release|Any CPU
		{3B54B8F4-EBA4-4E05-9161-C420393FDDD8}.Release|Any CPU.Build.0 = Release|Any CPU
	EndGlobalSection
	GlobalSection(SolutionProperties) = preSolution
		HideSolutionNode = FALSE
	EndGlobalSection
	GlobalSection(ExtensibilityGlobals) = postSolution
		SolutionGuid = {46FCB5A8-85B7-48CD-B515-BD17331720AE}
	EndGlobalSection
EndGlobal
